
Microsoft Visual Studio Solution File, Format Version 12.00
# Visual Studio 15
VisualStudioVersion = 15.0.28307.168
MinimumVisualStudioVersion = 10.0.40219.1
Project("{FAE04EC0-301F-11D3-BF4B-00C04F79EFBC}") = "prudential-weather-api", "prudential-weather-api\prudential-weather-api.csproj", "{1237B846-95F9-424A-938C-88EBD5F0DDC2}"
EndProject
Project("{FAE04EC0-301F-11D3-BF4B-00C04F79EFBC}") = "prudential-weather-api.Tests", "prudential-weather-api.Tests\prudential-weather-api.Tests.csproj", "{06F87786-E84A-4644-BCF8-B8E08DA0C437}"
EndProject
Global
	GlobalSection(SolutionConfigurationPlatforms) = preSolution
		Debug|Any CPU = Debug|Any CPU
		Release|Any CPU = Release|Any CPU
	EndGlobalSection
	GlobalSection(ProjectConfigurationPlatforms) = postSolution
		{1237B846-95F9-424A-938C-88EBD5F0DDC2}.Debug|Any CPU.ActiveCfg = Debug|Any CPU
		{1237B846-95F9-424A-938C-88EBD5F0DDC2}.Debug|Any CPU.Build.0 = Debug|Any CPU
		{1237B846-95F9-424A-938C-88EBD5F0DDC2}.Release|Any CPU.ActiveCfg = Release|Any CPU
		{1237B846-95F9-424A-938C-88EBD5F0DDC2}.Release|Any CPU.Build.0 = Release|Any CPU
		{06F87786-E84A-4644-BCF8-B8E08DA0C437}.Debug|Any CPU.ActiveCfg = Debug|Any CPU
		{06F87786-E84A-4644-BCF8-B8E08DA0C437}.Debug|Any CPU.Build.0 = Debug|Any CPU
		{06F87786-E84A-4644-BCF8-B8E08DA0C437}.Release|Any CPU.ActiveCfg = Release|Any CPU
		{06F87786-E84A-4644-BCF8-B8E08DA0C437}.Release|Any CPU.Build.0 = Release|Any CPU
	EndGlobalSection
	GlobalSection(SolutionProperties) = preSolution
		HideSolutionNode = FALSE
	EndGlobalSection
	GlobalSection(ExtensibilityGlobals) = postSolution
		SolutionGuid = {401F0046-0C6A-4021-B17F-0EFB29543C59}
	EndGlobalSection
EndGlobal
